
Microsoft Visual Studio Solution File, Format Version 12.00
# Visual Studio Version 17
VisualStudioVersion = 17.4.33103.184
MinimumVisualStudioVersion = 10.0.40219.1
Project("{FAE04EC0-301F-11D3-BF4B-00C04F79EFBC}") = "CountCharsRefactoring", "CountCharsRefactoring\CountCharsRefactoring.csproj", "{34598498-2AE9-46DB-8749-5A57BC05AFEF}"
EndProject
Global
	GlobalSection(SolutionConfigurationPlatforms) = preSolution
		Debug|Any CPU = Debug|Any CPU
		Release|Any CPU = Release|Any CPU
	EndGlobalSection
	GlobalSection(ProjectConfigurationPlatforms) = postSolution
		{34598498-2AE9-46DB-8749-5A57BC05AFEF}.Debug|Any CPU.ActiveCfg = Debug|Any CPU
		{34598498-2AE9-46DB-8749-5A57BC05AFEF}.Debug|Any CPU.Build.0 = Debug|Any CPU
		{34598498-2AE9-46DB-8749-5A57BC05AFEF}.Release|Any CPU.ActiveCfg = Release|Any CPU
		{34598498-2AE9-46DB-8749-5A57BC05AFEF}.Release|Any CPU.Build.0 = Release|Any CPU
	EndGlobalSection
	GlobalSection(SolutionProperties) = preSolution
		HideSolutionNode = FALSE
	EndGlobalSection
	GlobalSection(ExtensibilityGlobals) = postSolution
		SolutionGuid = {19BD91F0-FAA4-4A6D-93A6-EBF0324B4F52}
	EndGlobalSection
EndGlobal
